// !$*UTF8*$!
{
	archiveVersion = 1;
	classes = {
	};
	objectVersion = 46;
	objects = {

/* Begin PBXBuildFile section */
		181E72E01E6D786500008486 /* main.cpp in Sources */ = {isa = PBXBuildFile; fileRef = 181E72DF1E6D786500008486 /* main.cpp */; };
		181E72E81E6D948000008486 /* OpenGL.framework in Frameworks */ = {isa = PBXBuildFile; fileRef = 181E72E71E6D948000008486 /* OpenGL.framework */; };
		181E72EA1E6D949700008486 /* libGLEW.1.13.0.dylib in Frameworks */ = {isa = PBXBuildFile; fileRef = 181E72E91E6D949700008486 /* libGLEW.1.13.0.dylib */; };
		181E72EC1E6D94B700008486 /* libglfw3.3.1.dylib in Frameworks */ = {isa = PBXBuildFile; fileRef = 181E72EB1E6D94B700008486 /* libglfw3.3.1.dylib */; };
		183E2A831E728C7B00665E03 /* Cube.cpp in Sources */ = {isa = PBXBuildFile; fileRef = 183E2A811E728C7B00665E03 /* Cube.cpp */; };
		18A433981E7142E8000A6493 /* Camera.cpp in Sources */ = {isa = PBXBuildFile; fileRef = 18A433961E7142E8000A6493 /* Camera.cpp */; };
		18CCF4AB1E7126D4006161C5 /* shaders in CopyFiles */ = {isa = PBXBuildFile; fileRef = 18CCF4AA1E712692006161C5 /* shaders */; };
		18CCF4B01E712BA6006161C5 /* CoordinatesSystem.cpp in Sources */ = {isa = PBXBuildFile; fileRef = 18CCF4AE1E712BA6006161C5 /* CoordinatesSystem.cpp */; };
/* End PBXBuildFile section */

/* Begin PBXCopyFilesBuildPhase section */
		181E72DA1E6D786500008486 /* CopyFiles */ = {
			isa = PBXCopyFilesBuildPhase;
			buildActionMask = 12;
			dstPath = "";
			dstSubfolderSpec = 16;
			files = (
				18CCF4AB1E7126D4006161C5 /* shaders in CopyFiles */,
			);
			runOnlyForDeploymentPostprocessing = 0;
		};
/* End PBXCopyFilesBuildPhase section */

/* Begin PBXFileReference section */
		181E72DC1E6D786500008486 /* OpenGLMathTraining */ = {isa = PBXFileReference; explicitFileType = "compiled.mach-o.executable"; includeInIndex = 0; path = OpenGLMathTraining; sourceTree = BUILT_PRODUCTS_DIR; };
		181E72DF1E6D786500008486 /* main.cpp */ = {isa = PBXFileReference; lastKnownFileType = sourcecode.cpp.cpp; path = main.cpp; sourceTree = "<group>"; };
		181E72E71E6D948000008486 /* OpenGL.framework */ = {isa = PBXFileReference; lastKnownFileType = wrapper.framework; name = OpenGL.framework; path = System/Library/Frameworks/OpenGL.framework; sourceTree = SDKROOT; };
		181E72E91E6D949700008486 /* libGLEW.1.13.0.dylib */ = {isa = PBXFileReference; lastKnownFileType = "compiled.mach-o.dylib"; name = libGLEW.1.13.0.dylib; path = ../../../../../../usr/local/Cellar/glew/1.13.0/lib/libGLEW.1.13.0.dylib; sourceTree = "<group>"; };
		181E72EB1E6D94B700008486 /* libglfw3.3.1.dylib */ = {isa = PBXFileReference; lastKnownFileType = "compiled.mach-o.dylib"; name = libglfw3.3.1.dylib; path = ../../../../../../usr/local/Cellar/glfw3/3.1.2/lib/libglfw3.3.1.dylib; sourceTree = "<group>"; };
		183E2A811E728C7B00665E03 /* Cube.cpp */ = {isa = PBXFileReference; fileEncoding = 4; lastKnownFileType = sourcecode.cpp.cpp; path = Cube.cpp; sourceTree = "<group>"; };
		183E2A821E728C7B00665E03 /* Cube.hpp */ = {isa = PBXFileReference; fileEncoding = 4; lastKnownFileType = sourcecode.cpp.h; path = Cube.hpp; sourceTree = "<group>"; };
		18A433961E7142E8000A6493 /* Camera.cpp */ = {isa = PBXFileReference; fileEncoding = 4; lastKnownFileType = sourcecode.cpp.cpp; path = Camera.cpp; sourceTree = "<group>"; };
		18A433971E7142E8000A6493 /* Camera.hpp */ = {isa = PBXFileReference; fileEncoding = 4; lastKnownFileType = sourcecode.cpp.h; path = Camera.hpp; sourceTree = "<group>"; };
		18CCF4AA1E712692006161C5 /* shaders */ = {isa = PBXFileReference; lastKnownFileType = folder; path = shaders; sourceTree = "<group>"; };
		18CCF4AC1E712777006161C5 /* Shader.h */ = {isa = PBXFileReference; fileEncoding = 4; lastKnownFileType = sourcecode.c.h; path = Shader.h; sourceTree = "<group>"; };
		18CCF4AD1E7129A7006161C5 /* callbacks.h */ = {isa = PBXFileReference; fileEncoding = 4; lastKnownFileType = sourcecode.c.h; path = callbacks.h; sourceTree = "<group>"; };
		18CCF4AE1E712BA6006161C5 /* CoordinatesSystem.cpp */ = {isa = PBXFileReference; fileEncoding = 4; lastKnownFileType = sourcecode.cpp.cpp; path = CoordinatesSystem.cpp; sourceTree = "<group>"; };
		18CCF4AF1E712BA6006161C5 /* CoordinatesSystem.hpp */ = {isa = PBXFileReference; fileEncoding = 4; lastKnownFileType = sourcecode.cpp.h; path = CoordinatesSystem.hpp; sourceTree = "<group>"; };
/* End PBXFileReference section */

/* Begin PBXFrameworksBuildPhase section */
		181E72D91E6D786500008486 /* Frameworks */ = {
			isa = PBXFrameworksBuildPhase;
			buildActionMask = 2147483647;
			files = (
				181E72EC1E6D94B700008486 /* libglfw3.3.1.dylib in Frameworks */,
				181E72EA1E6D949700008486 /* libGLEW.1.13.0.dylib in Frameworks */,
				181E72E81E6D948000008486 /* OpenGL.framework in Frameworks */,
			);
			runOnlyForDeploymentPostprocessing = 0;
		};
/* End PBXFrameworksBuildPhase section */

/* Begin PBXGroup section */
		181E72D31E6D786400008486 = {
			isa = PBXGroup;
			children = (
				181E72DE1E6D786500008486 /* OpenGLMathTraining */,
				181E72DD1E6D786500008486 /* Products */,
				181E72E61E6D948000008486 /* Frameworks */,
			);
			sourceTree = "<group>";
		};
		181E72DD1E6D786500008486 /* Products */ = {
			isa = PBXGroup;
			children = (
				181E72DC1E6D786500008486 /* OpenGLMathTraining */,
			);
			name = Products;
			sourceTree = "<group>";
		};
		181E72DE1E6D786500008486 /* OpenGLMathTraining */ = {
			isa = PBXGroup;
			children = (
				18CCF4AA1E712692006161C5 /* shaders */,
				181E72DF1E6D786500008486 /* main.cpp */,
				18CCF4AC1E712777006161C5 /* Shader.h */,
				18CCF4AD1E7129A7006161C5 /* callbacks.h */,
				18CCF4AE1E712BA6006161C5 /* CoordinatesSystem.cpp */,
				18CCF4AF1E712BA6006161C5 /* CoordinatesSystem.hpp */,
				18A433961E7142E8000A6493 /* Camera.cpp */,
				18A433971E7142E8000A6493 /* Camera.hpp */,
				183E2A811E728C7B00665E03 /* Cube.cpp */,
				183E2A821E728C7B00665E03 /* Cube.hpp */,
			);
			path = OpenGLMathTraining;
			sourceTree = "<group>";
		};
		181E72E61E6D948000008486 /* Frameworks */ = {
			isa = PBXGroup;
			children = (
				181E72EB1E6D94B700008486 /* libglfw3.3.1.dylib */,
				181E72E91E6D949700008486 /* libGLEW.1.13.0.dylib */,
				181E72E71E6D948000008486 /* OpenGL.framework */,
			);
			name = Frameworks;
			sourceTree = "<group>";
		};
/* End PBXGroup section */

/* Begin PBXNativeTarget section */
		181E72DB1E6D786500008486 /* OpenGLMathTraining */ = {
			isa = PBXNativeTarget;
			buildConfigurationList = 181E72E31E6D786500008486 /* Build configuration list for PBXNativeTarget "OpenGLMathTraining" */;
			buildPhases = (
				181E72D81E6D786500008486 /* Sources */,
				181E72D91E6D786500008486 /* Frameworks */,
				181E72DA1E6D786500008486 /* CopyFiles */,
			);
			buildRules = (
			);
			dependencies = (
			);
			name = OpenGLMathTraining;
			productName = OpenGLMathTraining;
			productReference = 181E72DC1E6D786500008486 /* OpenGLMathTraining */;
			productType = "com.apple.product-type.tool";
		};
/* End PBXNativeTarget section */

/* Begin PBXProject section */
		181E72D41E6D786500008486 /* Project object */ = {
			isa = PBXProject;
			attributes = {
				LastUpgradeCheck = 0820;
				ORGANIZATIONNAME = apple;
				TargetAttributes = {
					181E72DB1E6D786500008486 = {
						CreatedOnToolsVersion = 8.2.1;
						ProvisioningStyle = Automatic;
					};
				};
			};
			buildConfigurationList = 181E72D71E6D786500008486 /* Build configuration list for PBXProject "OpenGLMathTraining" */;
			compatibilityVersion = "Xcode 3.2";
			developmentRegion = English;
			hasScannedForEncodings = 0;
			knownRegions = (
				en,
			);
			mainGroup = 181E72D31E6D786400008486;
			productRefGroup = 181E72DD1E6D786500008486 /* Products */;
			projectDirPath = "";
			projectRoot = "";
			targets = (
				181E72DB1E6D786500008486 /* OpenGLMathTraining */,
			);
		};
/* End PBXProject section */

/* Begin PBXSourcesBuildPhase section */
		181E72D81E6D786500008486 /* Sources */ = {
			isa = PBXSourcesBuildPhase;
			buildActionMask = 2147483647;
			files = (
				183E2A831E728C7B00665E03 /* Cube.cpp in Sources */,
				18CCF4B01E712BA6006161C5 /* CoordinatesSystem.cpp in Sources */,
				18A433981E7142E8000A6493 /* Camera.cpp in Sources */,
				181E72E01E6D786500008486 /* main.cpp in Sources */,
			);
			runOnlyForDeploymentPostprocessing = 0;
		};
/* End PBXSourcesBuildPhase section */

/* Begin XCBuildConfiguration section */
		181E72E11E6D786500008486 /* Debug */ = {
			isa = XCBuildConfiguration;
			buildSettings = {
				ALWAYS_SEARCH_USER_PATHS = NO;
				CLANG_ANALYZER_NONNULL = YES;
				CLANG_CXX_LANGUAGE_STANDARD = "gnu++0x";
				CLANG_CXX_LIBRARY = "libc++";
				CLANG_ENABLE_MODULES = YES;
				CLANG_ENABLE_OBJC_ARC = YES;
				CLANG_WARN_BOOL_CONVERSION = YES;
				CLANG_WARN_CONSTANT_CONVERSION = YES;
				CLANG_WARN_DIRECT_OBJC_ISA_USAGE = YES_ERROR;
				CLANG_WARN_DOCUMENTATION_COMMENTS = YES;
				CLANG_WARN_EMPTY_BODY = YES;
				CLANG_WARN_ENUM_CONVERSION = YES;
				CLANG_WARN_INFINITE_RECURSION = YES;
				CLANG_WARN_INT_CONVERSION = YES;
				CLANG_WARN_OBJC_ROOT_CLASS = YES_ERROR;
				CLANG_WARN_SUSPICIOUS_MOVE = YES;
				CLANG_WARN_UNREACHABLE_CODE = YES;
				CLANG_WARN__DUPLICATE_METHOD_MATCH = YES;
				CODE_SIGN_IDENTITY = "-";
				COPY_PHASE_STRIP = NO;
				DEBUG_INFORMATION_FORMAT = dwarf;
				ENABLE_STRICT_OBJC_MSGSEND = YES;
				ENABLE_TESTABILITY = YES;
				GCC_C_LANGUAGE_STANDARD = gnu99;
				GCC_DYNAMIC_NO_PIC = NO;
				GCC_NO_COMMON_BLOCKS = YES;
				GCC_OPTIMIZATION_LEVEL = 0;
				GCC_PREPROCESSOR_DEFINITIONS = (
					"DEBUG=1",
					"$(inherited)",
				);
				GCC_WARN_64_TO_32_BIT_CONVERSION = YES;
				GCC_WARN_ABOUT_RETURN_TYPE = YES_ERROR;
				GCC_WARN_UNDECLARED_SELECTOR = YES;
				GCC_WARN_UNINITIALIZED_AUTOS = YES_AGGRESSIVE;
				GCC_WARN_UNUSED_FUNCTION = YES;
				GCC_WARN_UNUSED_VARIABLE = YES;
				MACOSX_DEPLOYMENT_TARGET = 10.12;
				MTL_ENABLE_DEBUG_INFO = YES;
				ONLY_ACTIVE_ARCH = YES;
				SDKROOT = macosx;
			};
			name = Debug;
		};
		181E72E21E6D786500008486 /* Release */ = {
			isa = XCBuildConfiguration;
			buildSettings = {
				ALWAYS_SEARCH_USER_PATHS = NO;
				CLANG_ANALYZER_NONNULL = YES;
				CLANG_CXX_LANGUAGE_STANDARD = "gnu++0x";
				CLANG_CXX_LIBRARY = "libc++";
				CLANG_ENABLE_MODULES = YES;
				CLANG_ENABLE_OBJC_ARC = YES;
				CLANG_WARN_BOOL_CONVERSION = YES;
				CLANG_WARN_CONSTANT_CONVERSION = YES;
				CLANG_WARN_DIRECT_OBJC_ISA_USAGE = YES_ERROR;
				CLANG_WARN_DOCUMENTATION_COMMENTS = YES;
				CLANG_WARN_EMPTY_BODY = YES;
				CLANG_WARN_ENUM_CONVERSION = YES;
				CLANG_WARN_INFINITE_RECURSION = YES;
				CLANG_WARN_INT_CONVERSION = YES;
				CLANG_WARN_OBJC_ROOT_CLASS = YES_ERROR;
				CLANG_WARN_SUSPICIOUS_MOVE = YES;
				CLANG_WARN_UNREACHABLE_CODE = YES;
				CLANG_WARN__DUPLICATE_METHOD_MATCH = YES;
				CODE_SIGN_IDENTITY = "-";
				COPY_PHASE_STRIP = NO;
				DEBUG_INFORMATION_FORMAT = "dwarf-with-dsym";
				ENABLE_NS_ASSERTIONS = NO;
				ENABLE_STRICT_OBJC_MSGSEND = YES;
				GCC_C_LANGUAGE_STANDARD = gnu99;
				GCC_NO_COMMON_BLOCKS = YES;
				GCC_WARN_64_TO_32_BIT_CONVERSION = YES;
				GCC_WARN_ABOUT_RETURN_TYPE = YES_ERROR;
				GCC_WARN_UNDECLARED_SELECTOR = YES;
				GCC_WARN_UNINITIALIZED_AUTOS = YES_AGGRESSIVE;
				GCC_WARN_UNUSED_FUNCTION = YES;
				GCC_WARN_UNUSED_VARIABLE = YES;
				MACOSX_DEPLOYMENT_TARGET = 10.12;
				MTL_ENABLE_DEBUG_INFO = NO;
				SDKROOT = macosx;
			};
			name = Release;
		};
		181E72E41E6D786500008486 /* Debug */ = {
			isa = XCBuildConfiguration;
			buildSettings = {
				HEADER_SEARCH_PATHS = /usr/local/include;
				LIBRARY_SEARCH_PATHS = (
					"$(inherited)",
					/usr/local/Cellar/glew/1.13.0/lib,
					/usr/local/Cellar/glfw3/3.1.2/lib,
				);
				OBJROOT = /Volumes/SEAGATE/Mac/Debug/OpenGL/OpenGLMathTraining;
				PRODUCT_NAME = "$(TARGET_NAME)";
				SYMROOT = /Volumes/SEAGATE/Mac/Debug/OpenGL/OpenGLMathTraining;
			};
			name = Debug;
		};
		181E72E51E6D786500008486 /* Release */ = {
			isa = XCBuildConfiguration;
			buildSettings = {
				HEADER_SEARCH_PATHS = /usr/local/include;
				LIBRARY_SEARCH_PATHS = (
					"$(inherited)",
					/usr/local/Cellar/glew/1.13.0/lib,
					/usr/local/Cellar/glfw3/3.1.2/lib,
				);
				OBJROOT = /Volumes/SEAGATE/Mac/Debug/OpenGL/OpenGLMathTraining;
				PRODUCT_NAME = "$(TARGET_NAME)";
				SYMROOT = /Volumes/SEAGATE/Mac/Debug/OpenGL/OpenGLMathTraining;
			};
			name = Release;
		};
/* End XCBuildConfiguration section */

/* Begin XCConfigurationList section */
		181E72D71E6D786500008486 /* Build configuration list for PBXProject "OpenGLMathTraining" */ = {
			isa = XCConfigurationList;
			buildConfigurations = (
				181E72E11E6D786500008486 /* Debug */,
				181E72E21E6D786500008486 /* Release */,
			);
			defaultConfigurationIsVisible = 0;
			defaultConfigurationName = Release;
		};
		181E72E31E6D786500008486 /* Build configuration list for PBXNativeTarget "OpenGLMathTraining" */ = {
			isa = XCConfigurationList;
			buildConfigurations = (
				181E72E41E6D786500008486 /* Debug */,
				181E72E51E6D786500008486 /* Release */,
			);
			defaultConfigurationIsVisible = 0;
			defaultConfigurationName = Release;
		};
/* End XCConfigurationList section */
	};
	rootObject = 181E72D41E6D786500008486 /* Project object */;
}
